// !$*UTF8*$!
{
	archiveVersion = 1;
	classes = {
	};
	objectVersion = 55;
	objects = {

/* Begin PBXBuildFile section */
		19F92AB6279718BC00F28DEB /* gyazo_uploaderApp.swift in Sources */ = {isa = PBXBuildFile; fileRef = 19F92AB5279718BC00F28DEB /* gyazo_uploaderApp.swift */; };
		19F92AB8279718BC00F28DEB /* ContentView.swift in Sources */ = {isa = PBXBuildFile; fileRef = 19F92AB7279718BC00F28DEB /* ContentView.swift */; };
		19F92ABA279718BE00F28DEB /* Assets.xcassets in Resources */ = {isa = PBXBuildFile; fileRef = 19F92AB9279718BE00F28DEB /* Assets.xcassets */; };
		19F92ABD279718BE00F28DEB /* Preview Assets.xcassets in Resources */ = {isa = PBXBuildFile; fileRef = 19F92ABC279718BE00F28DEB /* Preview Assets.xcassets */; };
		19F92ABF279718BE00F28DEB /* Persistence.swift in Sources */ = {isa = PBXBuildFile; fileRef = 19F92ABE279718BE00F28DEB /* Persistence.swift */; };
		19F92AC2279718BE00F28DEB /* gyazo_uploader.xcdatamodeld in Sources */ = {isa = PBXBuildFile; fileRef = 19F92AC0279718BE00F28DEB /* gyazo_uploader.xcdatamodeld */; };
		19F92ACC279718BE00F28DEB /* gyazo_uploaderTests.swift in Sources */ = {isa = PBXBuildFile; fileRef = 19F92ACB279718BE00F28DEB /* gyazo_uploaderTests.swift */; };
		19F92AD6279718BE00F28DEB /* gyazo_uploaderUITests.swift in Sources */ = {isa = PBXBuildFile; fileRef = 19F92AD5279718BE00F28DEB /* gyazo_uploaderUITests.swift */; };
		19F92AD8279718BE00F28DEB /* gyazo_uploaderUITestsLaunchTests.swift in Sources */ = {isa = PBXBuildFile; fileRef = 19F92AD7279718BE00F28DEB /* gyazo_uploaderUITestsLaunchTests.swift */; };
/* End PBXBuildFile section */

/* Begin PBXContainerItemProxy section */
		19F92AC8279718BE00F28DEB /* PBXContainerItemProxy */ = {
			isa = PBXContainerItemProxy;
			containerPortal = 19F92AAA279718BC00F28DEB /* Project object */;
			proxyType = 1;
			remoteGlobalIDString = 19F92AB1279718BC00F28DEB;
			remoteInfo = "gyazo-uploader";
		};
		19F92AD2279718BE00F28DEB /* PBXContainerItemProxy */ = {
			isa = PBXContainerItemProxy;
			containerPortal = 19F92AAA279718BC00F28DEB /* Project object */;
			proxyType = 1;
			remoteGlobalIDString = 19F92AB1279718BC00F28DEB;
			remoteInfo = "gyazo-uploader";
		};
/* End PBXContainerItemProxy section */

/* Begin PBXFileReference section */
		19F92AB2279718BC00F28DEB /* gyazo-uploader.app */ = {isa = PBXFileReference; explicitFileType = wrapper.application; includeInIndex = 0; path = "gyazo-uploader.app"; sourceTree = BUILT_PRODUCTS_DIR; };
		19F92AB5279718BC00F28DEB /* gyazo_uploaderApp.swift */ = {isa = PBXFileReference; lastKnownFileType = sourcecode.swift; path = gyazo_uploaderApp.swift; sourceTree = "<group>"; };
		19F92AB7279718BC00F28DEB /* ContentView.swift */ = {isa = PBXFileReference; lastKnownFileType = sourcecode.swift; path = ContentView.swift; sourceTree = "<group>"; };
		19F92AB9279718BE00F28DEB /* Assets.xcassets */ = {isa = PBXFileReference; lastKnownFileType = folder.assetcatalog; path = Assets.xcassets; sourceTree = "<group>"; };
		19F92ABC279718BE00F28DEB /* Preview Assets.xcassets */ = {isa = PBXFileReference; lastKnownFileType = folder.assetcatalog; path = "Preview Assets.xcassets"; sourceTree = "<group>"; };
		19F92ABE279718BE00F28DEB /* Persistence.swift */ = {isa = PBXFileReference; lastKnownFileType = sourcecode.swift; path = Persistence.swift; sourceTree = "<group>"; };
		19F92AC1279718BE00F28DEB /* gyazo_uploader.xcdatamodel */ = {isa = PBXFileReference; lastKnownFileType = wrapper.xcdatamodel; path = gyazo_uploader.xcdatamodel; sourceTree = "<group>"; };
		19F92AC7279718BE00F28DEB /* gyazo-uploaderTests.xctest */ = {isa = PBXFileReference; explicitFileType = wrapper.cfbundle; includeInIndex = 0; path = "gyazo-uploaderTests.xctest"; sourceTree = BUILT_PRODUCTS_DIR; };
		19F92ACB279718BE00F28DEB /* gyazo_uploaderTests.swift */ = {isa = PBXFileReference; lastKnownFileType = sourcecode.swift; path = gyazo_uploaderTests.swift; sourceTree = "<group>"; };
		19F92AD1279718BE00F28DEB /* gyazo-uploaderUITests.xctest */ = {isa = PBXFileReference; explicitFileType = wrapper.cfbundle; includeInIndex = 0; path = "gyazo-uploaderUITests.xctest"; sourceTree = BUILT_PRODUCTS_DIR; };
		19F92AD5279718BE00F28DEB /* gyazo_uploaderUITests.swift */ = {isa = PBXFileReference; lastKnownFileType = sourcecode.swift; path = gyazo_uploaderUITests.swift; sourceTree = "<group>"; };
		19F92AD7279718BE00F28DEB /* gyazo_uploaderUITestsLaunchTests.swift */ = {isa = PBXFileReference; lastKnownFileType = sourcecode.swift; path = gyazo_uploaderUITestsLaunchTests.swift; sourceTree = "<group>"; };
/* End PBXFileReference section */

/* Begin PBXFrameworksBuildPhase section */
		19F92AAF279718BC00F28DEB /* Frameworks */ = {
			isa = PBXFrameworksBuildPhase;
			buildActionMask = 2147483647;
			files = (
			);
			runOnlyForDeploymentPostprocessing = 0;
		};
		19F92AC4279718BE00F28DEB /* Frameworks */ = {
			isa = PBXFrameworksBuildPhase;
			buildActionMask = 2147483647;
			files = (
			);
			runOnlyForDeploymentPostprocessing = 0;
		};
		19F92ACE279718BE00F28DEB /* Frameworks */ = {
			isa = PBXFrameworksBuildPhase;
			buildActionMask = 2147483647;
			files = (
			);
			runOnlyForDeploymentPostprocessing = 0;
		};
/* End PBXFrameworksBuildPhase section */

/* Begin PBXGroup section */
		19F92AA9279718BC00F28DEB = {
			isa = PBXGroup;
			children = (
				19F92AB4279718BC00F28DEB /* gyazo-uploader */,
				19F92ACA279718BE00F28DEB /* gyazo-uploaderTests */,
				19F92AD4279718BE00F28DEB /* gyazo-uploaderUITests */,
				19F92AB3279718BC00F28DEB /* Products */,
			);
			sourceTree = "<group>";
		};
		19F92AB3279718BC00F28DEB /* Products */ = {
			isa = PBXGroup;
			children = (
				19F92AB2279718BC00F28DEB /* gyazo-uploader.app */,
				19F92AC7279718BE00F28DEB /* gyazo-uploaderTests.xctest */,
				19F92AD1279718BE00F28DEB /* gyazo-uploaderUITests.xctest */,
			);
			name = Products;
			sourceTree = "<group>";
		};
		19F92AB4279718BC00F28DEB /* gyazo-uploader */ = {
			isa = PBXGroup;
			children = (
				19F92AB5279718BC00F28DEB /* gyazo_uploaderApp.swift */,
				19F92AB7279718BC00F28DEB /* ContentView.swift */,
				19F92AB9279718BE00F28DEB /* Assets.xcassets */,
				19F92ABE279718BE00F28DEB /* Persistence.swift */,
				19F92AC0279718BE00F28DEB /* gyazo_uploader.xcdatamodeld */,
				19F92ABB279718BE00F28DEB /* Preview Content */,
			);
			path = "gyazo-uploader";
			sourceTree = "<group>";
		};
		19F92ABB279718BE00F28DEB /* Preview Content */ = {
			isa = PBXGroup;
			children = (
				19F92ABC279718BE00F28DEB /* Preview Assets.xcassets */,
			);
			path = "Preview Content";
			sourceTree = "<group>";
		};
		19F92ACA279718BE00F28DEB /* gyazo-uploaderTests */ = {
			isa = PBXGroup;
			children = (
				19F92ACB279718BE00F28DEB /* gyazo_uploaderTests.swift */,
			);
			path = "gyazo-uploaderTests";
			sourceTree = "<group>";
		};
		19F92AD4279718BE00F28DEB /* gyazo-uploaderUITests */ = {
			isa = PBXGroup;
			children = (
				19F92AD5279718BE00F28DEB /* gyazo_uploaderUITests.swift */,
				19F92AD7279718BE00F28DEB /* gyazo_uploaderUITestsLaunchTests.swift */,
			);
			path = "gyazo-uploaderUITests";
			sourceTree = "<group>";
		};
/* End PBXGroup section */

/* Begin PBXNativeTarget section */
		19F92AB1279718BC00F28DEB /* gyazo-uploader */ = {
			isa = PBXNativeTarget;
			buildConfigurationList = 19F92ADB279718BE00F28DEB /* Build configuration list for PBXNativeTarget "gyazo-uploader" */;
			buildPhases = (
				19F92AAE279718BC00F28DEB /* Sources */,
				19F92AAF279718BC00F28DEB /* Frameworks */,
				19F92AB0279718BC00F28DEB /* Resources */,
			);
			buildRules = (
			);
			dependencies = (
			);
			name = "gyazo-uploader";
			productName = "gyazo-uploader";
			productReference = 19F92AB2279718BC00F28DEB /* gyazo-uploader.app */;
			productType = "com.apple.product-type.application";
		};
		19F92AC6279718BE00F28DEB /* gyazo-uploaderTests */ = {
			isa = PBXNativeTarget;
			buildConfigurationList = 19F92ADE279718BE00F28DEB /* Build configuration list for PBXNativeTarget "gyazo-uploaderTests" */;
			buildPhases = (
				19F92AC3279718BE00F28DEB /* Sources */,
				19F92AC4279718BE00F28DEB /* Frameworks */,
				19F92AC5279718BE00F28DEB /* Resources */,
			);
			buildRules = (
			);
			dependencies = (
				19F92AC9279718BE00F28DEB /* PBXTargetDependency */,
			);
			name = "gyazo-uploaderTests";
			productName = "gyazo-uploaderTests";
			productReference = 19F92AC7279718BE00F28DEB /* gyazo-uploaderTests.xctest */;
			productType = "com.apple.product-type.bundle.unit-test";
		};
		19F92AD0279718BE00F28DEB /* gyazo-uploaderUITests */ = {
			isa = PBXNativeTarget;
			buildConfigurationList = 19F92AE1279718BE00F28DEB /* Build configuration list for PBXNativeTarget "gyazo-uploaderUITests" */;
			buildPhases = (
				19F92ACD279718BE00F28DEB /* Sources */,
				19F92ACE279718BE00F28DEB /* Frameworks */,
				19F92ACF279718BE00F28DEB /* Resources */,
			);
			buildRules = (
			);
			dependencies = (
				19F92AD3279718BE00F28DEB /* PBXTargetDependency */,
			);
			name = "gyazo-uploaderUITests";
			productName = "gyazo-uploaderUITests";
			productReference = 19F92AD1279718BE00F28DEB /* gyazo-uploaderUITests.xctest */;
			productType = "com.apple.product-type.bundle.ui-testing";
		};
/* End PBXNativeTarget section */

/* Begin PBXProject section */
		19F92AAA279718BC00F28DEB /* Project object */ = {
			isa = PBXProject;
			attributes = {
				BuildIndependentTargetsInParallel = 1;
				LastSwiftUpdateCheck = 1320;
				LastUpgradeCheck = 1320;
				TargetAttributes = {
					19F92AB1279718BC00F28DEB = {
						CreatedOnToolsVersion = 13.2.1;
					};
					19F92AC6279718BE00F28DEB = {
						CreatedOnToolsVersion = 13.2.1;
						TestTargetID = 19F92AB1279718BC00F28DEB;
					};
					19F92AD0279718BE00F28DEB = {
						CreatedOnToolsVersion = 13.2.1;
						TestTargetID = 19F92AB1279718BC00F28DEB;
					};
				};
			};
			buildConfigurationList = 19F92AAD279718BC00F28DEB /* Build configuration list for PBXProject "gyazo-uploader" */;
			compatibilityVersion = "Xcode 13.0";
			developmentRegion = en;
			hasScannedForEncodings = 0;
			knownRegions = (
				en,
				Base,
			);
			mainGroup = 19F92AA9279718BC00F28DEB;
			productRefGroup = 19F92AB3279718BC00F28DEB /* Products */;
			projectDirPath = "";
			projectRoot = "";
			targets = (
				19F92AB1279718BC00F28DEB /* gyazo-uploader */,
				19F92AC6279718BE00F28DEB /* gyazo-uploaderTests */,
				19F92AD0279718BE00F28DEB /* gyazo-uploaderUITests */,
			);
		};
/* End PBXProject section */

/* Begin PBXResourcesBuildPhase section */
		19F92AB0279718BC00F28DEB /* Resources */ = {
			isa = PBXResourcesBuildPhase;
			buildActionMask = 2147483647;
			files = (
				19F92ABD279718BE00F28DEB /* Preview Assets.xcassets in Resources */,
				19F92ABA279718BE00F28DEB /* Assets.xcassets in Resources */,
			);
			runOnlyForDeploymentPostprocessing = 0;
		};
		19F92AC5279718BE00F28DEB /* Resources */ = {
			isa = PBXResourcesBuildPhase;
			buildActionMask = 2147483647;
			files = (
			);
			runOnlyForDeploymentPostprocessing = 0;
		};
		19F92ACF279718BE00F28DEB /* Resources */ = {
			isa = PBXResourcesBuildPhase;
			buildActionMask = 2147483647;
			files = (
			);
			runOnlyForDeploymentPostprocessing = 0;
		};
/* End PBXResourcesBuildPhase section */

/* Begin PBXSourcesBuildPhase section */
		19F92AAE279718BC00F28DEB /* Sources */ = {
			isa = PBXSourcesBuildPhase;
			buildActionMask = 2147483647;
			files = (
				19F92AC2279718BE00F28DEB /* gyazo_uploader.xcdatamodeld in Sources */,
				19F92ABF279718BE00F28DEB /* Persistence.swift in Sources */,
				19F92AB8279718BC00F28DEB /* ContentView.swift in Sources */,
				19F92AB6279718BC00F28DEB /* gyazo_uploaderApp.swift in Sources */,
			);
			runOnlyForDeploymentPostprocessing = 0;
		};
		19F92AC3279718BE00F28DEB /* Sources */ = {
			isa = PBXSourcesBuildPhase;
			buildActionMask = 2147483647;
			files = (
				19F92ACC279718BE00F28DEB /* gyazo_uploaderTests.swift in Sources */,
			);
			runOnlyForDeploymentPostprocessing = 0;
		};
		19F92ACD279718BE00F28DEB /* Sources */ = {
			isa = PBXSourcesBuildPhase;
			buildActionMask = 2147483647;
			files = (
				19F92AD6279718BE00F28DEB /* gyazo_uploaderUITests.swift in Sources */,
				19F92AD8279718BE00F28DEB /* gyazo_uploaderUITestsLaunchTests.swift in Sources */,
			);
			runOnlyForDeploymentPostprocessing = 0;
		};
/* End PBXSourcesBuildPhase section */

/* Begin PBXTargetDependency section */
		19F92AC9279718BE00F28DEB /* PBXTargetDependency */ = {
			isa = PBXTargetDependency;
			target = 19F92AB1279718BC00F28DEB /* gyazo-uploader */;
			targetProxy = 19F92AC8279718BE00F28DEB /* PBXContainerItemProxy */;
		};
		19F92AD3279718BE00F28DEB /* PBXTargetDependency */ = {
			isa = PBXTargetDependency;
			target = 19F92AB1279718BC00F28DEB /* gyazo-uploader */;
			targetProxy = 19F92AD2279718BE00F28DEB /* PBXContainerItemProxy */;
		};
/* End PBXTargetDependency section */

/* Begin XCBuildConfiguration section */
		19F92AD9279718BE00F28DEB /* Debug */ = {
			isa = XCBuildConfiguration;
			buildSettings = {
				ALWAYS_SEARCH_USER_PATHS = NO;
				CLANG_ANALYZER_NONNULL = YES;
				CLANG_ANALYZER_NUMBER_OBJECT_CONVERSION = YES_AGGRESSIVE;
				CLANG_CXX_LANGUAGE_STANDARD = "gnu++17";
				CLANG_CXX_LIBRARY = "libc++";
				CLANG_ENABLE_MODULES = YES;
				CLANG_ENABLE_OBJC_ARC = YES;
				CLANG_ENABLE_OBJC_WEAK = YES;
				CLANG_WARN_BLOCK_CAPTURE_AUTORELEASING = YES;
				CLANG_WARN_BOOL_CONVERSION = YES;
				CLANG_WARN_COMMA = YES;
				CLANG_WARN_CONSTANT_CONVERSION = YES;
				CLANG_WARN_DEPRECATED_OBJC_IMPLEMENTATIONS = YES;
				CLANG_WARN_DIRECT_OBJC_ISA_USAGE = YES_ERROR;
				CLANG_WARN_DOCUMENTATION_COMMENTS = YES;
				CLANG_WARN_EMPTY_BODY = YES;
				CLANG_WARN_ENUM_CONVERSION = YES;
				CLANG_WARN_INFINITE_RECURSION = YES;
				CLANG_WARN_INT_CONVERSION = YES;
				CLANG_WARN_NON_LITERAL_NULL_CONVERSION = YES;
				CLANG_WARN_OBJC_IMPLICIT_RETAIN_SELF = YES;
				CLANG_WARN_OBJC_LITERAL_CONVERSION = YES;
				CLANG_WARN_OBJC_ROOT_CLASS = YES_ERROR;
				CLANG_WARN_QUOTED_INCLUDE_IN_FRAMEWORK_HEADER = YES;
				CLANG_WARN_RANGE_LOOP_ANALYSIS = YES;
				CLANG_WARN_STRICT_PROTOTYPES = YES;
				CLANG_WARN_SUSPICIOUS_MOVE = YES;
				CLANG_WARN_UNGUARDED_AVAILABILITY = YES_AGGRESSIVE;
				CLANG_WARN_UNREACHABLE_CODE = YES;
				CLANG_WARN__DUPLICATE_METHOD_MATCH = YES;
				COPY_PHASE_STRIP = NO;
				DEBUG_INFORMATION_FORMAT = dwarf;
				ENABLE_STRICT_OBJC_MSGSEND = YES;
				ENABLE_TESTABILITY = YES;
				GCC_C_LANGUAGE_STANDARD = gnu11;
				GCC_DYNAMIC_NO_PIC = NO;
				GCC_NO_COMMON_BLOCKS = YES;
				GCC_OPTIMIZATION_LEVEL = 0;
				GCC_PREPROCESSOR_DEFINITIONS = (
					"DEBUG=1",
					"$(inherited)",
				);
				GCC_WARN_64_TO_32_BIT_CONVERSION = YES;
				GCC_WARN_ABOUT_RETURN_TYPE = YES_ERROR;
				GCC_WARN_UNDECLARED_SELECTOR = YES;
				GCC_WARN_UNINITIALIZED_AUTOS = YES_AGGRESSIVE;
				GCC_WARN_UNUSED_FUNCTION = YES;
				GCC_WARN_UNUSED_VARIABLE = YES;
				IPHONEOS_DEPLOYMENT_TARGET = 15.2;
				MTL_ENABLE_DEBUG_INFO = INCLUDE_SOURCE;
				MTL_FAST_MATH = YES;
				ONLY_ACTIVE_ARCH = YES;
				SDKROOT = iphoneos;
				SWIFT_ACTIVE_COMPILATION_CONDITIONS = DEBUG;
				SWIFT_OPTIMIZATION_LEVEL = "-Onone";
			};
			name = Debug;
		};
		19F92ADA279718BE00F28DEB /* Release */ = {
			isa = XCBuildConfiguration;
			buildSettings = {
				ALWAYS_SEARCH_USER_PATHS = NO;
				CLANG_ANALYZER_NONNULL = YES;
				CLANG_ANALYZER_NUMBER_OBJECT_CONVERSION = YES_AGGRESSIVE;
				CLANG_CXX_LANGUAGE_STANDARD = "gnu++17";
				CLANG_CXX_LIBRARY = "libc++";
				CLANG_ENABLE_MODULES = YES;
				CLANG_ENABLE_OBJC_ARC = YES;
				CLANG_ENABLE_OBJC_WEAK = YES;
				CLANG_WARN_BLOCK_CAPTURE_AUTORELEASING = YES;
				CLANG_WARN_BOOL_CONVERSION = YES;
				CLANG_WARN_COMMA = YES;
				CLANG_WARN_CONSTANT_CONVERSION = YES;
				CLANG_WARN_DEPRECATED_OBJC_IMPLEMENTATIONS = YES;
				CLANG_WARN_DIRECT_OBJC_ISA_USAGE = YES_ERROR;
				CLANG_WARN_DOCUMENTATION_COMMENTS = YES;
				CLANG_WARN_EMPTY_BODY = YES;
				CLANG_WARN_ENUM_CONVERSION = YES;
				CLANG_WARN_INFINITE_RECURSION = YES;
				CLANG_WARN_INT_CONVERSION = YES;
				CLANG_WARN_NON_LITERAL_NULL_CONVERSION = YES;
				CLANG_WARN_OBJC_IMPLICIT_RETAIN_SELF = YES;
				CLANG_WARN_OBJC_LITERAL_CONVERSION = YES;
				CLANG_WARN_OBJC_ROOT_CLASS = YES_ERROR;
				CLANG_WARN_QUOTED_INCLUDE_IN_FRAMEWORK_HEADER = YES;
				CLANG_WARN_RANGE_LOOP_ANALYSIS = YES;
				CLANG_WARN_STRICT_PROTOTYPES = YES;
				CLANG_WARN_SUSPICIOUS_MOVE = YES;
				CLANG_WARN_UNGUARDED_AVAILABILITY = YES_AGGRESSIVE;
				CLANG_WARN_UNREACHABLE_CODE = YES;
				CLANG_WARN__DUPLICATE_METHOD_MATCH = YES;
				COPY_PHASE_STRIP = NO;
				DEBUG_INFORMATION_FORMAT = "dwarf-with-dsym";
				ENABLE_NS_ASSERTIONS = NO;
				ENABLE_STRICT_OBJC_MSGSEND = YES;
				GCC_C_LANGUAGE_STANDARD = gnu11;
				GCC_NO_COMMON_BLOCKS = YES;
				GCC_WARN_64_TO_32_BIT_CONVERSION = YES;
				GCC_WARN_ABOUT_RETURN_TYPE = YES_ERROR;
				GCC_WARN_UNDECLARED_SELECTOR = YES;
				GCC_WARN_UNINITIALIZED_AUTOS = YES_AGGRESSIVE;
				GCC_WARN_UNUSED_FUNCTION = YES;
				GCC_WARN_UNUSED_VARIABLE = YES;
				IPHONEOS_DEPLOYMENT_TARGET = 15.2;
				MTL_ENABLE_DEBUG_INFO = NO;
				MTL_FAST_MATH = YES;
				SDKROOT = iphoneos;
				SWIFT_COMPILATION_MODE = wholemodule;
				SWIFT_OPTIMIZATION_LEVEL = "-O";
				VALIDATE_PRODUCT = YES;
			};
			name = Release;
		};
		19F92ADC279718BE00F28DEB /* Debug */ = {
			isa = XCBuildConfiguration;
			buildSettings = {
				ASSETCATALOG_COMPILER_APPICON_NAME = AppIcon;
				ASSETCATALOG_COMPILER_GLOBAL_ACCENT_COLOR_NAME = AccentColor;
				CODE_SIGN_STYLE = Automatic;
				CURRENT_PROJECT_VERSION = 1;
				DEVELOPMENT_ASSET_PATHS = "\"gyazo-uploader/Preview Content\"";
				DEVELOPMENT_TEAM = 87NQ692XT2;
				ENABLE_PREVIEWS = YES;
				GENERATE_INFOPLIST_FILE = YES;
				INFOPLIST_KEY_NSPhotoLibraryUsageDescription = "Your photos will upload to Gyazo.";
				INFOPLIST_KEY_UIApplicationSceneManifest_Generation = YES;
				INFOPLIST_KEY_UIApplicationSupportsIndirectInputEvents = YES;
				INFOPLIST_KEY_UILaunchScreen_Generation = YES;
				INFOPLIST_KEY_UISupportedInterfaceOrientations_iPad = "UIInterfaceOrientationPortrait UIInterfaceOrientationPortraitUpsideDown UIInterfaceOrientationLandscapeLeft UIInterfaceOrientationLandscapeRight";
				INFOPLIST_KEY_UISupportedInterfaceOrientations_iPhone = "UIInterfaceOrientationPortrait UIInterfaceOrientationLandscapeLeft UIInterfaceOrientationLandscapeRight";
				IPHONEOS_DEPLOYMENT_TARGET = 15.2;
				LD_RUNPATH_SEARCH_PATHS = (
					"$(inherited)",
					"@executable_path/Frameworks",
				);
				MARKETING_VERSION = 1.0;
				PRODUCT_BUNDLE_IDENTIFIER = "com.teramotodaiki.gyazo-uploader";
				PRODUCT_NAME = "$(TARGET_NAME)";
				SWIFT_EMIT_LOC_STRINGS = YES;
				SWIFT_VERSION = 5.0;
				TARGETED_DEVICE_FAMILY = "1,2";
			};
			name = Debug;
		};
		19F92ADD279718BE00F28DEB /* Release */ = {
			isa = XCBuildConfiguration;
			buildSettings = {
				ASSETCATALOG_COMPILER_APPICON_NAME = AppIcon;
				ASSETCATALOG_COMPILER_GLOBAL_ACCENT_COLOR_NAME = AccentColor;
				CODE_SIGN_STYLE = Automatic;
				CURRENT_PROJECT_VERSION = 1;
				DEVELOPMENT_ASSET_PATHS = "\"gyazo-uploader/Preview Content\"";
				DEVELOPMENT_TEAM = 87NQ692XT2;
				ENABLE_PREVIEWS = YES;
				GENERATE_INFOPLIST_FILE = YES;
				INFOPLIST_KEY_NSPhotoLibraryUsageDescription = "Your photos will upload to Gyazo.";
				INFOPLIST_KEY_UIApplicationSceneManifest_Generation = YES;
				INFOPLIST_KEY_UIApplicationSupportsIndirectInputEvents = YES;
				INFOPLIST_KEY_UILaunchScreen_Generation = YES;
				INFOPLIST_KEY_UISupportedInterfaceOrientations_iPad = "UIInterfaceOrientationPortrait UIInterfaceOrientationPortraitUpsideDown UIInterfaceOrientationLandscapeLeft UIInterfaceOrientationLandscapeRight";
				INFOPLIST_KEY_UISupportedInterfaceOrientations_iPhone = "UIInterfaceOrientationPortrait UIInterfaceOrientationLandscapeLeft UIInterfaceOrientationLandscapeRight";
				IPHONEOS_DEPLOYMENT_TARGET = 15.2;
				LD_RUNPATH_SEARCH_PATHS = (
					"$(inherited)",
					"@executable_path/Frameworks",
				);
				MARKETING_VERSION = 1.0;
				PRODUCT_BUNDLE_IDENTIFIER = "com.teramotodaiki.gyazo-uploader";
				PRODUCT_NAME = "$(TARGET_NAME)";
				SWIFT_EMIT_LOC_STRINGS = YES;
				SWIFT_VERSION = 5.0;
				TARGETED_DEVICE_FAMILY = "1,2";
			};
			name = Release;
		};
		19F92ADF279718BE00F28DEB /* Debug */ = {
			isa = XCBuildConfiguration;
			buildSettings = {
				ALWAYS_EMBED_SWIFT_STANDARD_LIBRARIES = YES;
				BUNDLE_LOADER = "$(TEST_HOST)";
				CODE_SIGN_STYLE = Automatic;
				CURRENT_PROJECT_VERSION = 1;
				DEVELOPMENT_TEAM = 87NQ692XT2;
				GENERATE_INFOPLIST_FILE = YES;
				IPHONEOS_DEPLOYMENT_TARGET = 15.2;
				MARKETING_VERSION = 1.0;
				PRODUCT_BUNDLE_IDENTIFIER = "com.teramotodaiki.gyazo-uploaderTests";
				PRODUCT_NAME = "$(TARGET_NAME)";
				SWIFT_EMIT_LOC_STRINGS = NO;
				SWIFT_VERSION = 5.0;
				TARGETED_DEVICE_FAMILY = "1,2";
				TEST_HOST = "$(BUILT_PRODUCTS_DIR)/gyazo-uploader.app/gyazo-uploader";
			};
			name = Debug;
		};
		19F92AE0279718BE00F28DEB /* Release */ = {
			isa = XCBuildConfiguration;
			buildSettings = {
				ALWAYS_EMBED_SWIFT_STANDARD_LIBRARIES = YES;
				BUNDLE_LOADER = "$(TEST_HOST)";
				CODE_SIGN_STYLE = Automatic;
				CURRENT_PROJECT_VERSION = 1;
				DEVELOPMENT_TEAM = 87NQ692XT2;
				GENERATE_INFOPLIST_FILE = YES;
				IPHONEOS_DEPLOYMENT_TARGET = 15.2;
				MARKETING_VERSION = 1.0;
				PRODUCT_BUNDLE_IDENTIFIER = "com.teramotodaiki.gyazo-uploaderTests";
				PRODUCT_NAME = "$(TARGET_NAME)";
				SWIFT_EMIT_LOC_STRINGS = NO;
				SWIFT_VERSION = 5.0;
				TARGETED_DEVICE_FAMILY = "1,2";
				TEST_HOST = "$(BUILT_PRODUCTS_DIR)/gyazo-uploader.app/gyazo-uploader";
			};
			name = Release;
		};
		19F92AE2279718BE00F28DEB /* Debug */ = {
			isa = XCBuildConfiguration;
			buildSettings = {
				ALWAYS_EMBED_SWIFT_STANDARD_LIBRARIES = YES;
				CODE_SIGN_STYLE = Automatic;
				CURRENT_PROJECT_VERSION = 1;
				DEVELOPMENT_TEAM = 87NQ692XT2;
				GENERATE_INFOPLIST_FILE = YES;
				MARKETING_VERSION = 1.0;
				PRODUCT_BUNDLE_IDENTIFIER = "com.teramotodaiki.gyazo-uploaderUITests";
				PRODUCT_NAME = "$(TARGET_NAME)";
				SWIFT_EMIT_LOC_STRINGS = NO;
				SWIFT_VERSION = 5.0;
				TARGETED_DEVICE_FAMILY = "1,2";
				TEST_TARGET_NAME = "gyazo-uploader";
			};
			name = Debug;
		};
		19F92AE3279718BE00F28DEB /* Release */ = {
			isa = XCBuildConfiguration;
			buildSettings = {
				ALWAYS_EMBED_SWIFT_STANDARD_LIBRARIES = YES;
				CODE_SIGN_STYLE = Automatic;
				CURRENT_PROJECT_VERSION = 1;
				DEVELOPMENT_TEAM = 87NQ692XT2;
				GENERATE_INFOPLIST_FILE = YES;
				MARKETING_VERSION = 1.0;
				PRODUCT_BUNDLE_IDENTIFIER = "com.teramotodaiki.gyazo-uploaderUITests";
				PRODUCT_NAME = "$(TARGET_NAME)";
				SWIFT_EMIT_LOC_STRINGS = NO;
				SWIFT_VERSION = 5.0;
				TARGETED_DEVICE_FAMILY = "1,2";
				TEST_TARGET_NAME = "gyazo-uploader";
			};
			name = Release;
		};
/* End XCBuildConfiguration section */

/* Begin XCConfigurationList section */
		19F92AAD279718BC00F28DEB /* Build configuration list for PBXProject "gyazo-uploader" */ = {
			isa = XCConfigurationList;
			buildConfigurations = (
				19F92AD9279718BE00F28DEB /* Debug */,
				19F92ADA279718BE00F28DEB /* Release */,
			);
			defaultConfigurationIsVisible = 0;
			defaultConfigurationName = Release;
		};
		19F92ADB279718BE00F28DEB /* Build configuration list for PBXNativeTarget "gyazo-uploader" */ = {
			isa = XCConfigurationList;
			buildConfigurations = (
				19F92ADC279718BE00F28DEB /* Debug */,
				19F92ADD279718BE00F28DEB /* Release */,
			);
			defaultConfigurationIsVisible = 0;
			defaultConfigurationName = Release;
		};
		19F92ADE279718BE00F28DEB /* Build configuration list for PBXNativeTarget "gyazo-uploaderTests" */ = {
			isa = XCConfigurationList;
			buildConfigurations = (
				19F92ADF279718BE00F28DEB /* Debug */,
				19F92AE0279718BE00F28DEB /* Release */,
			);
			defaultConfigurationIsVisible = 0;
			defaultConfigurationName = Release;
		};
		19F92AE1279718BE00F28DEB /* Build configuration list for PBXNativeTarget "gyazo-uploaderUITests" */ = {
			isa = XCConfigurationList;
			buildConfigurations = (
				19F92AE2279718BE00F28DEB /* Debug */,
				19F92AE3279718BE00F28DEB /* Release */,
			);
			defaultConfigurationIsVisible = 0;
			defaultConfigurationName = Release;
		};
/* End XCConfigurationList section */

/* Begin XCVersionGroup section */
		19F92AC0279718BE00F28DEB /* gyazo_uploader.xcdatamodeld */ = {
			isa = XCVersionGroup;
			children = (
				19F92AC1279718BE00F28DEB /* gyazo_uploader.xcdatamodel */,
			);
			currentVersion = 19F92AC1279718BE00F28DEB /* gyazo_uploader.xcdatamodel */;
			path = gyazo_uploader.xcdatamodeld;
			sourceTree = "<group>";
			versionGroupType = wrapper.xcdatamodel;
		};
/* End XCVersionGroup section */
	};
	rootObject = 19F92AAA279718BC00F28DEB /* Project object */;
}
